
Microsoft Visual Studio Solution File, Format Version 12.00
# Visual Studio Version 16
VisualStudioVersion = 16.0.31911.196
MinimumVisualStudioVersion = 10.0.40219.1
Project("{FAE04EC0-301F-11D3-BF4B-00C04F79EFBC}") = "LibraryAPI", "LibraryAPI\LibraryAPI.csproj", "{4A655C96-DB79-45AC-945E-7FF39807E7FE}"
EndProject
Global
	GlobalSection(SolutionConfigurationPlatforms) = preSolution
		Debug|Any CPU = Debug|Any CPU
		Release|Any CPU = Release|Any CPU
	EndGlobalSection
	GlobalSection(ProjectConfigurationPlatforms) = postSolution
		{4A655C96-DB79-45AC-945E-7FF39807E7FE}.Debug|Any CPU.ActiveCfg = Debug|Any CPU
		{4A655C96-DB79-45AC-945E-7FF39807E7FE}.Debug|Any CPU.Build.0 = Debug|Any CPU
		{4A655C96-DB79-45AC-945E-7FF39807E7FE}.Release|Any CPU.ActiveCfg = Release|Any CPU
		{4A655C96-DB79-45AC-945E-7FF39807E7FE}.Release|Any CPU.Build.0 = Release|Any CPU
	EndGlobalSection
	GlobalSection(SolutionProperties) = preSolution
		HideSolutionNode = FALSE
	EndGlobalSection
	GlobalSection(ExtensibilityGlobals) = postSolution
		SolutionGuid = {355E48FF-6130-469D-AFBD-8EE3D655DA07}
	EndGlobalSection
EndGlobal
